// !$*UTF8*$!
{
	archiveVersion = 1;
	classes = {
	};
	objectVersion = 55;
	objects = {

/* Begin PBXBuildFile section */
		AF485484288EC53900B694D4 /* RewardTileViewController.swift in Sources */ = {isa = PBXBuildFile; fileRef = AF485483288EC53900B694D4 /* RewardTileViewController.swift */; };
		AF6201C5288A6F4A00229553 /* TileViewController.swift in Sources */ = {isa = PBXBuildFile; fileRef = AF6201C4288A6F4A00229553 /* TileViewController.swift */; };
		AF6201C7288A6FA400229553 /* TileView.swift in Sources */ = {isa = PBXBuildFile; fileRef = AF6201C6288A6FA400229553 /* TileView.swift */; };
		AF915F25288920AF00D4A785 /* HomeHeaderView.swift in Sources */ = {isa = PBXBuildFile; fileRef = AF915F24288920AF00D4A785 /* HomeHeaderView.swift */; };
		AFBA4121288EC5AE0045BA53 /* RewardsTileView.swift in Sources */ = {isa = PBXBuildFile; fileRef = AFBA4120288EC5AE0045BA53 /* RewardsTileView.swift */; };
		AFBA4123288EC8BC0045BA53 /* BalanceView.swift in Sources */ = {isa = PBXBuildFile; fileRef = AFBA4122288EC8BC0045BA53 /* BalanceView.swift */; };
		AFC90EDF28888D5100F3EE21 /* AppDelegate.swift in Sources */ = {isa = PBXBuildFile; fileRef = AFC90EDE28888D5100F3EE21 /* AppDelegate.swift */; };
		AFC90EE328888D5100F3EE21 /* HomeViewController.swift in Sources */ = {isa = PBXBuildFile; fileRef = AFC90EE228888D5100F3EE21 /* HomeViewController.swift */; };
		AFC90EE828888D5400F3EE21 /* Assets.xcassets in Resources */ = {isa = PBXBuildFile; fileRef = AFC90EE728888D5400F3EE21 /* Assets.xcassets */; };
		AFC90EEB28888D5400F3EE21 /* LaunchScreen.storyboard in Resources */ = {isa = PBXBuildFile; fileRef = AFC90EE928888D5400F3EE21 /* LaunchScreen.storyboard */; };
		AFC90EF32888967C00F3EE21 /* Factories.swift in Sources */ = {isa = PBXBuildFile; fileRef = AFC90EF22888967C00F3EE21 /* Factories.swift */; };
/* End PBXBuildFile section */

/* Begin PBXFileReference section */
		AF485483288EC53900B694D4 /* RewardTileViewController.swift */ = {isa = PBXFileReference; lastKnownFileType = sourcecode.swift; path = RewardTileViewController.swift; sourceTree = "<group>"; };
		AF6201C4288A6F4A00229553 /* TileViewController.swift */ = {isa = PBXFileReference; lastKnownFileType = sourcecode.swift; path = TileViewController.swift; sourceTree = "<group>"; };
		AF6201C6288A6FA400229553 /* TileView.swift */ = {isa = PBXFileReference; lastKnownFileType = sourcecode.swift; path = TileView.swift; sourceTree = "<group>"; };
		AF915F24288920AF00D4A785 /* HomeHeaderView.swift */ = {isa = PBXFileReference; lastKnownFileType = sourcecode.swift; path = HomeHeaderView.swift; sourceTree = "<group>"; };
		AFBA4120288EC5AE0045BA53 /* RewardsTileView.swift */ = {isa = PBXFileReference; lastKnownFileType = sourcecode.swift; path = RewardsTileView.swift; sourceTree = "<group>"; };
		AFBA4122288EC8BC0045BA53 /* BalanceView.swift */ = {isa = PBXFileReference; lastKnownFileType = sourcecode.swift; path = BalanceView.swift; sourceTree = "<group>"; };
		AFC90EDB28888D5100F3EE21 /* Starbucks.app */ = {isa = PBXFileReference; explicitFileType = wrapper.application; includeInIndex = 0; path = Starbucks.app; sourceTree = BUILT_PRODUCTS_DIR; };
		AFC90EDE28888D5100F3EE21 /* AppDelegate.swift */ = {isa = PBXFileReference; lastKnownFileType = sourcecode.swift; path = AppDelegate.swift; sourceTree = "<group>"; };
		AFC90EE228888D5100F3EE21 /* HomeViewController.swift */ = {isa = PBXFileReference; lastKnownFileType = sourcecode.swift; path = HomeViewController.swift; sourceTree = "<group>"; };
		AFC90EE728888D5400F3EE21 /* Assets.xcassets */ = {isa = PBXFileReference; lastKnownFileType = folder.assetcatalog; path = Assets.xcassets; sourceTree = "<group>"; };
		AFC90EEA28888D5400F3EE21 /* Base */ = {isa = PBXFileReference; lastKnownFileType = file.storyboard; name = Base; path = Base.lproj/LaunchScreen.storyboard; sourceTree = "<group>"; };
		AFC90EEC28888D5400F3EE21 /* Info.plist */ = {isa = PBXFileReference; lastKnownFileType = text.plist.xml; path = Info.plist; sourceTree = "<group>"; };
		AFC90EF22888967C00F3EE21 /* Factories.swift */ = {isa = PBXFileReference; lastKnownFileType = sourcecode.swift; path = Factories.swift; sourceTree = "<group>"; };
/* End PBXFileReference section */

/* Begin PBXFrameworksBuildPhase section */
		AFC90ED828888D5100F3EE21 /* Frameworks */ = {
			isa = PBXFrameworksBuildPhase;
			buildActionMask = 2147483647;
			files = (
			);
			runOnlyForDeploymentPostprocessing = 0;
		};
/* End PBXFrameworksBuildPhase section */

/* Begin PBXGroup section */
		AF485482288EC4EC00B694D4 /* Rewards */ = {
			isa = PBXGroup;
			children = (
				AF485483288EC53900B694D4 /* RewardTileViewController.swift */,
				AFBA4120288EC5AE0045BA53 /* RewardsTileView.swift */,
				AFBA4122288EC8BC0045BA53 /* BalanceView.swift */,
			);
			name = Rewards;
			sourceTree = "<group>";
		};
		AF915F2228891FC900D4A785 /* Files */ = {
			isa = PBXGroup;
			children = (
				AFC90EE728888D5400F3EE21 /* Assets.xcassets */,
				AFC90EE928888D5400F3EE21 /* LaunchScreen.storyboard */,
				AFC90EEC28888D5400F3EE21 /* Info.plist */,
			);
			name = Files;
			sourceTree = "<group>";
		};
		AF915F2328891FEA00D4A785 /* Home */ = {
			isa = PBXGroup;
			children = (
				AF485482288EC4EC00B694D4 /* Rewards */,
				AFC90EE228888D5100F3EE21 /* HomeViewController.swift */,
				AF915F24288920AF00D4A785 /* HomeHeaderView.swift */,
				AF6201C4288A6F4A00229553 /* TileViewController.swift */,
				AF6201C6288A6FA400229553 /* TileView.swift */,
			);
			name = Home;
			sourceTree = "<group>";
		};
		AFC90ED228888D5100F3EE21 = {
			isa = PBXGroup;
			children = (
				AFC90EDD28888D5100F3EE21 /* Starbucks */,
				AFC90EDC28888D5100F3EE21 /* Products */,
			);
			sourceTree = "<group>";
		};
		AFC90EDC28888D5100F3EE21 /* Products */ = {
			isa = PBXGroup;
			children = (
				AFC90EDB28888D5100F3EE21 /* Starbucks.app */,
			);
			name = Products;
			sourceTree = "<group>";
		};
		AFC90EDD28888D5100F3EE21 /* Starbucks */ = {
			isa = PBXGroup;
			children = (
				AF915F2228891FC900D4A785 /* Files */,
				AFC90EDE28888D5100F3EE21 /* AppDelegate.swift */,
				AFC90EF22888967C00F3EE21 /* Factories.swift */,
				AF915F2328891FEA00D4A785 /* Home */,
			);
			path = Starbucks;
			sourceTree = "<group>";
		};
/* End PBXGroup section */

/* Begin PBXNativeTarget section */
		AFC90EDA28888D5100F3EE21 /* Starbucks */ = {
			isa = PBXNativeTarget;
			buildConfigurationList = AFC90EEF28888D5400F3EE21 /* Build configuration list for PBXNativeTarget "Starbucks" */;
			buildPhases = (
				AFC90ED728888D5100F3EE21 /* Sources */,
				AFC90ED828888D5100F3EE21 /* Frameworks */,
				AFC90ED928888D5100F3EE21 /* Resources */,
			);
			buildRules = (
			);
			dependencies = (
			);
			name = Starbucks;
			productName = Starbucks;
			productReference = AFC90EDB28888D5100F3EE21 /* Starbucks.app */;
			productType = "com.apple.product-type.application";
		};
/* End PBXNativeTarget section */

/* Begin PBXProject section */
		AFC90ED328888D5100F3EE21 /* Project object */ = {
			isa = PBXProject;
			attributes = {
				BuildIndependentTargetsInParallel = 1;
				LastSwiftUpdateCheck = 1330;
				LastUpgradeCheck = 1330;
				TargetAttributes = {
					AFC90EDA28888D5100F3EE21 = {
						CreatedOnToolsVersion = 13.3;
					};
				};
			};
			buildConfigurationList = AFC90ED628888D5100F3EE21 /* Build configuration list for PBXProject "Starbucks" */;
			compatibilityVersion = "Xcode 13.0";
			developmentRegion = en;
			hasScannedForEncodings = 0;
			knownRegions = (
				en,
				Base,
			);
			mainGroup = AFC90ED228888D5100F3EE21;
			productRefGroup = AFC90EDC28888D5100F3EE21 /* Products */;
			projectDirPath = "";
			projectRoot = "";
			targets = (
				AFC90EDA28888D5100F3EE21 /* Starbucks */,
			);
		};
/* End PBXProject section */

/* Begin PBXResourcesBuildPhase section */
		AFC90ED928888D5100F3EE21 /* Resources */ = {
			isa = PBXResourcesBuildPhase;
			buildActionMask = 2147483647;
			files = (
				AFC90EEB28888D5400F3EE21 /* LaunchScreen.storyboard in Resources */,
				AFC90EE828888D5400F3EE21 /* Assets.xcassets in Resources */,
			);
			runOnlyForDeploymentPostprocessing = 0;
		};
/* End PBXResourcesBuildPhase section */

/* Begin PBXSourcesBuildPhase section */
		AFC90ED728888D5100F3EE21 /* Sources */ = {
			isa = PBXSourcesBuildPhase;
			buildActionMask = 2147483647;
			files = (
				AF915F25288920AF00D4A785 /* HomeHeaderView.swift in Sources */,
				AFBA4121288EC5AE0045BA53 /* RewardsTileView.swift in Sources */,
				AF6201C7288A6FA400229553 /* TileView.swift in Sources */,
				AF485484288EC53900B694D4 /* RewardTileViewController.swift in Sources */,
				AFC90EF32888967C00F3EE21 /* Factories.swift in Sources */,
				AF6201C5288A6F4A00229553 /* TileViewController.swift in Sources */,
				AFBA4123288EC8BC0045BA53 /* BalanceView.swift in Sources */,
				AFC90EE328888D5100F3EE21 /* HomeViewController.swift in Sources */,
				AFC90EDF28888D5100F3EE21 /* AppDelegate.swift in Sources */,
			);
			runOnlyForDeploymentPostprocessing = 0;
		};
/* End PBXSourcesBuildPhase section */

/* Begin PBXVariantGroup section */
		AFC90EE928888D5400F3EE21 /* LaunchScreen.storyboard */ = {
			isa = PBXVariantGroup;
			children = (
				AFC90EEA28888D5400F3EE21 /* Base */,
			);
			name = LaunchScreen.storyboard;
			sourceTree = "<group>";
		};
/* End PBXVariantGroup section */

/* Begin XCBuildConfiguration section */
		AFC90EED28888D5400F3EE21 /* Debug */ = {
			isa = XCBuildConfiguration;
			buildSettings = {
				ALWAYS_SEARCH_USER_PATHS = NO;
				CLANG_ANALYZER_NONNULL = YES;
				CLANG_ANALYZER_NUMBER_OBJECT_CONVERSION = YES_AGGRESSIVE;
				CLANG_CXX_LANGUAGE_STANDARD = "gnu++17";
				CLANG_ENABLE_MODULES = YES;
				CLANG_ENABLE_OBJC_ARC = YES;
				CLANG_ENABLE_OBJC_WEAK = YES;
				CLANG_WARN_BLOCK_CAPTURE_AUTORELEASING = YES;
				CLANG_WARN_BOOL_CONVERSION = YES;
				CLANG_WARN_COMMA = YES;
				CLANG_WARN_CONSTANT_CONVERSION = YES;
				CLANG_WARN_DEPRECATED_OBJC_IMPLEMENTATIONS = YES;
				CLANG_WARN_DIRECT_OBJC_ISA_USAGE = YES_ERROR;
				CLANG_WARN_DOCUMENTATION_COMMENTS = YES;
				CLANG_WARN_EMPTY_BODY = YES;
				CLANG_WARN_ENUM_CONVERSION = YES;
				CLANG_WARN_INFINITE_RECURSION = YES;
				CLANG_WARN_INT_CONVERSION = YES;
				CLANG_WARN_NON_LITERAL_NULL_CONVERSION = YES;
				CLANG_WARN_OBJC_IMPLICIT_RETAIN_SELF = YES;
				CLANG_WARN_OBJC_LITERAL_CONVERSION = YES;
				CLANG_WARN_OBJC_ROOT_CLASS = YES_ERROR;
				CLANG_WARN_QUOTED_INCLUDE_IN_FRAMEWORK_HEADER = YES;
				CLANG_WARN_RANGE_LOOP_ANALYSIS = YES;
				CLANG_WARN_STRICT_PROTOTYPES = YES;
				CLANG_WARN_SUSPICIOUS_MOVE = YES;
				CLANG_WARN_UNGUARDED_AVAILABILITY = YES_AGGRESSIVE;
				CLANG_WARN_UNREACHABLE_CODE = YES;
				CLANG_WARN__DUPLICATE_METHOD_MATCH = YES;
				COPY_PHASE_STRIP = NO;
				DEBUG_INFORMATION_FORMAT = dwarf;
				ENABLE_STRICT_OBJC_MSGSEND = YES;
				ENABLE_TESTABILITY = YES;
				GCC_C_LANGUAGE_STANDARD = gnu11;
				GCC_DYNAMIC_NO_PIC = NO;
				GCC_NO_COMMON_BLOCKS = YES;
				GCC_OPTIMIZATION_LEVEL = 0;
				GCC_PREPROCESSOR_DEFINITIONS = (
					"DEBUG=1",
					"$(inherited)",
				);
				GCC_WARN_64_TO_32_BIT_CONVERSION = YES;
				GCC_WARN_ABOUT_RETURN_TYPE = YES_ERROR;
				GCC_WARN_UNDECLARED_SELECTOR = YES;
				GCC_WARN_UNINITIALIZED_AUTOS = YES_AGGRESSIVE;
				GCC_WARN_UNUSED_FUNCTION = YES;
				GCC_WARN_UNUSED_VARIABLE = YES;
				IPHONEOS_DEPLOYMENT_TARGET = 15.4;
				MTL_ENABLE_DEBUG_INFO = INCLUDE_SOURCE;
				MTL_FAST_MATH = YES;
				ONLY_ACTIVE_ARCH = YES;
				SDKROOT = iphoneos;
				SWIFT_ACTIVE_COMPILATION_CONDITIONS = DEBUG;
				SWIFT_OPTIMIZATION_LEVEL = "-Onone";
			};
			name = Debug;
		};
		AFC90EEE28888D5400F3EE21 /* Release */ = {
			isa = XCBuildConfiguration;
			buildSettings = {
				ALWAYS_SEARCH_USER_PATHS = NO;
				CLANG_ANALYZER_NONNULL = YES;
				CLANG_ANALYZER_NUMBER_OBJECT_CONVERSION = YES_AGGRESSIVE;
				CLANG_CXX_LANGUAGE_STANDARD = "gnu++17";
				CLANG_ENABLE_MODULES = YES;
				CLANG_ENABLE_OBJC_ARC = YES;
				CLANG_ENABLE_OBJC_WEAK = YES;
				CLANG_WARN_BLOCK_CAPTURE_AUTORELEASING = YES;
				CLANG_WARN_BOOL_CONVERSION = YES;
				CLANG_WARN_COMMA = YES;
				CLANG_WARN_CONSTANT_CONVERSION = YES;
				CLANG_WARN_DEPRECATED_OBJC_IMPLEMENTATIONS = YES;
				CLANG_WARN_DIRECT_OBJC_ISA_USAGE = YES_ERROR;
				CLANG_WARN_DOCUMENTATION_COMMENTS = YES;
				CLANG_WARN_EMPTY_BODY = YES;
				CLANG_WARN_ENUM_CONVERSION = YES;
				CLANG_WARN_INFINITE_RECURSION = YES;
				CLANG_WARN_INT_CONVERSION = YES;
				CLANG_WARN_NON_LITERAL_NULL_CONVERSION = YES;
				CLANG_WARN_OBJC_IMPLICIT_RETAIN_SELF = YES;
				CLANG_WARN_OBJC_LITERAL_CONVERSION = YES;
				CLANG_WARN_OBJC_ROOT_CLASS = YES_ERROR;
				CLANG_WARN_QUOTED_INCLUDE_IN_FRAMEWORK_HEADER = YES;
				CLANG_WARN_RANGE_LOOP_ANALYSIS = YES;
				CLANG_WARN_STRICT_PROTOTYPES = YES;
				CLANG_WARN_SUSPICIOUS_MOVE = YES;
				CLANG_WARN_UNGUARDED_AVAILABILITY = YES_AGGRESSIVE;
				CLANG_WARN_UNREACHABLE_CODE = YES;
				CLANG_WARN__DUPLICATE_METHOD_MATCH = YES;
				COPY_PHASE_STRIP = NO;
				DEBUG_INFORMATION_FORMAT = "dwarf-with-dsym";
				ENABLE_NS_ASSERTIONS = NO;
				ENABLE_STRICT_OBJC_MSGSEND = YES;
				GCC_C_LANGUAGE_STANDARD = gnu11;
				GCC_NO_COMMON_BLOCKS = YES;
				GCC_WARN_64_TO_32_BIT_CONVERSION = YES;
				GCC_WARN_ABOUT_RETURN_TYPE = YES_ERROR;
				GCC_WARN_UNDECLARED_SELECTOR = YES;
				GCC_WARN_UNINITIALIZED_AUTOS = YES_AGGRESSIVE;
				GCC_WARN_UNUSED_FUNCTION = YES;
				GCC_WARN_UNUSED_VARIABLE = YES;
				IPHONEOS_DEPLOYMENT_TARGET = 15.4;
				MTL_ENABLE_DEBUG_INFO = NO;
				MTL_FAST_MATH = YES;
				SDKROOT = iphoneos;
				SWIFT_COMPILATION_MODE = wholemodule;
				SWIFT_OPTIMIZATION_LEVEL = "-O";
				VALIDATE_PRODUCT = YES;
			};
			name = Release;
		};
		AFC90EF028888D5400F3EE21 /* Debug */ = {
			isa = XCBuildConfiguration;
			buildSettings = {
				ASSETCATALOG_COMPILER_APPICON_NAME = AppIcon;
				ASSETCATALOG_COMPILER_GLOBAL_ACCENT_COLOR_NAME = AccentColor;
				CODE_SIGN_STYLE = Automatic;
				CURRENT_PROJECT_VERSION = 1;
				DEVELOPMENT_TEAM = 6H65T22SG4;
				GENERATE_INFOPLIST_FILE = YES;
				INFOPLIST_FILE = Starbucks/Info.plist;
				INFOPLIST_KEY_UIApplicationSupportsIndirectInputEvents = YES;
				INFOPLIST_KEY_UILaunchStoryboardName = LaunchScreen;
				INFOPLIST_KEY_UISupportedInterfaceOrientations_iPad = "UIInterfaceOrientationPortrait UIInterfaceOrientationPortraitUpsideDown UIInterfaceOrientationLandscapeLeft UIInterfaceOrientationLandscapeRight";
				INFOPLIST_KEY_UISupportedInterfaceOrientations_iPhone = "UIInterfaceOrientationPortrait UIInterfaceOrientationLandscapeLeft UIInterfaceOrientationLandscapeRight";
				LD_RUNPATH_SEARCH_PATHS = (
					"$(inherited)",
					"@executable_path/Frameworks",
				);
				MARKETING_VERSION = 1.0;
				PRODUCT_BUNDLE_IDENTIFIER = "Artem-Listopadov.by.Starbucks";
				PRODUCT_NAME = "$(TARGET_NAME)";
				SWIFT_EMIT_LOC_STRINGS = YES;
				SWIFT_VERSION = 5.0;
				TARGETED_DEVICE_FAMILY = "1,2";
			};
			name = Debug;
		};
		AFC90EF128888D5400F3EE21 /* Release */ = {
			isa = XCBuildConfiguration;
			buildSettings = {
				ASSETCATALOG_COMPILER_APPICON_NAME = AppIcon;
				ASSETCATALOG_COMPILER_GLOBAL_ACCENT_COLOR_NAME = AccentColor;
				CODE_SIGN_STYLE = Automatic;
				CURRENT_PROJECT_VERSION = 1;
				DEVELOPMENT_TEAM = 6H65T22SG4;
				GENERATE_INFOPLIST_FILE = YES;
				INFOPLIST_FILE = Starbucks/Info.plist;
				INFOPLIST_KEY_UIApplicationSupportsIndirectInputEvents = YES;
				INFOPLIST_KEY_UILaunchStoryboardName = LaunchScreen;
				INFOPLIST_KEY_UISupportedInterfaceOrientations_iPad = "UIInterfaceOrientationPortrait UIInterfaceOrientationPortraitUpsideDown UIInterfaceOrientationLandscapeLeft UIInterfaceOrientationLandscapeRight";
				INFOPLIST_KEY_UISupportedInterfaceOrientations_iPhone = "UIInterfaceOrientationPortrait UIInterfaceOrientationLandscapeLeft UIInterfaceOrientationLandscapeRight";
				LD_RUNPATH_SEARCH_PATHS = (
					"$(inherited)",
					"@executable_path/Frameworks",
				);
				MARKETING_VERSION = 1.0;
				PRODUCT_BUNDLE_IDENTIFIER = "Artem-Listopadov.by.Starbucks";
				PRODUCT_NAME = "$(TARGET_NAME)";
				SWIFT_EMIT_LOC_STRINGS = YES;
				SWIFT_VERSION = 5.0;
				TARGETED_DEVICE_FAMILY = "1,2";
			};
			name = Release;
		};
/* End XCBuildConfiguration section */

/* Begin XCConfigurationList section */
		AFC90ED628888D5100F3EE21 /* Build configuration list for PBXProject "Starbucks" */ = {
			isa = XCConfigurationList;
			buildConfigurations = (
				AFC90EED28888D5400F3EE21 /* Debug */,
				AFC90EEE28888D5400F3EE21 /* Release */,
			);
			defaultConfigurationIsVisible = 0;
			defaultConfigurationName = Release;
		};
		AFC90EEF28888D5400F3EE21 /* Build configuration list for PBXNativeTarget "Starbucks" */ = {
			isa = XCConfigurationList;
			buildConfigurations = (
				AFC90EF028888D5400F3EE21 /* Debug */,
				AFC90EF128888D5400F3EE21 /* Release */,
			);
			defaultConfigurationIsVisible = 0;
			defaultConfigurationName = Release;
		};
/* End XCConfigurationList section */
	};
	rootObject = AFC90ED328888D5100F3EE21 /* Project object */;
}
